
Microsoft Visual Studio Solution File, Format Version 12.00
# Visual Studio Version 17
VisualStudioVersion = 17.0.31919.166
MinimumVisualStudioVersion = 10.0.40219.1
Project("{FAE04EC0-301F-11D3-BF4B-00C04F79EFBC}") = "Animaker", "Animaker\Animaker.csproj", "{4A62187C-24D7-4012-95C5-4EDE415F0B08}"
EndProject
Global
	GlobalSection(SolutionConfigurationPlatforms) = preSolution
		Debug|Any CPU = Debug|Any CPU
		Release|Any CPU = Release|Any CPU
	EndGlobalSection
	GlobalSection(ProjectConfigurationPlatforms) = postSolution
		{4A62187C-24D7-4012-95C5-4EDE415F0B08}.Debug|Any CPU.ActiveCfg = Debug|Any CPU
		{4A62187C-24D7-4012-95C5-4EDE415F0B08}.Debug|Any CPU.Build.0 = Debug|Any CPU
		{4A62187C-24D7-4012-95C5-4EDE415F0B08}.Release|Any CPU.ActiveCfg = Release|Any CPU
		{4A62187C-24D7-4012-95C5-4EDE415F0B08}.Release|Any CPU.Build.0 = Release|Any CPU
	EndGlobalSection
	GlobalSection(SolutionProperties) = preSolution
		HideSolutionNode = FALSE
	EndGlobalSection
	GlobalSection(ExtensibilityGlobals) = postSolution
		SolutionGuid = {92BC4721-9051-4E0A-B588-9607B785F16E}
	EndGlobalSection
EndGlobal
